
Microsoft Visual Studio Solution File, Format Version 12.00
# Visual Studio Version 17
VisualStudioVersion = 17.4.33205.214
MinimumVisualStudioVersion = 10.0.40219.1
Project("{FAE04EC0-301F-11D3-BF4B-00C04F79EFBC}") = "TriviaQuizMVC", "TriviaQuizMVC.csproj", "{525AD6C4-6727-4DCD-B154-9F079408BC37}"
EndProject
Global
	GlobalSection(SolutionConfigurationPlatforms) = preSolution
		Debug|Any CPU = Debug|Any CPU
		Release|Any CPU = Release|Any CPU
	EndGlobalSection
	GlobalSection(ProjectConfigurationPlatforms) = postSolution
		{525AD6C4-6727-4DCD-B154-9F079408BC37}.Debug|Any CPU.ActiveCfg = Debug|Any CPU
		{525AD6C4-6727-4DCD-B154-9F079408BC37}.Debug|Any CPU.Build.0 = Debug|Any CPU
		{525AD6C4-6727-4DCD-B154-9F079408BC37}.Release|Any CPU.ActiveCfg = Release|Any CPU
		{525AD6C4-6727-4DCD-B154-9F079408BC37}.Release|Any CPU.Build.0 = Release|Any CPU
	EndGlobalSection
	GlobalSection(SolutionProperties) = preSolution
		HideSolutionNode = FALSE
	EndGlobalSection
	GlobalSection(ExtensibilityGlobals) = postSolution
		SolutionGuid = {E7B6185F-7D1C-41A8-9048-34E4A81A8685}
	EndGlobalSection
EndGlobal
